
Microsoft Visual Studio Solution File, Format Version 12.00
# Visual Studio Version 17
VisualStudioVersion = 17.4.33213.308
MinimumVisualStudioVersion = 10.0.40219.1
Project("{FAE04EC0-301F-11D3-BF4B-00C04F79EFBC}") = "NajotEdu.Api", "NajotEdu.Api\NajotEdu.Api.csproj", "{15CA23E8-F938-4ED7-8B74-CF65DA4C8AF5}"
EndProject
Project("{FAE04EC0-301F-11D3-BF4B-00C04F79EFBC}") = "NajotEdu.Domain", "NajotEdu.Domain\NajotEdu.Domain.csproj", "{1131520A-4936-4BDD-AC25-71AFCA4C8E87}"
EndProject
Project("{FAE04EC0-301F-11D3-BF4B-00C04F79EFBC}") = "NajotEdu.Infrastructure", "NajotEdu.Infrastructure\NajotEdu.Infrastructure.csproj", "{A0885AC9-B977-4638-AF0A-6F5DF087856E}"
EndProject
Project("{FAE04EC0-301F-11D3-BF4B-00C04F79EFBC}") = "NajotEdu.Application", "NajotEdu.Application\NajotEdu.Application.csproj", "{B8609060-977F-4648-86A7-BCEB15EA2FC2}"
EndProject
Global
	GlobalSection(SolutionConfigurationPlatforms) = preSolution
		Debug|Any CPU = Debug|Any CPU
		Release|Any CPU = Release|Any CPU
	EndGlobalSection
	GlobalSection(ProjectConfigurationPlatforms) = postSolution
		{15CA23E8-F938-4ED7-8B74-CF65DA4C8AF5}.Debug|Any CPU.ActiveCfg = Debug|Any CPU
		{15CA23E8-F938-4ED7-8B74-CF65DA4C8AF5}.Debug|Any CPU.Build.0 = Debug|Any CPU
		{15CA23E8-F938-4ED7-8B74-CF65DA4C8AF5}.Release|Any CPU.ActiveCfg = Release|Any CPU
		{15CA23E8-F938-4ED7-8B74-CF65DA4C8AF5}.Release|Any CPU.Build.0 = Release|Any CPU
		{1131520A-4936-4BDD-AC25-71AFCA4C8E87}.Debug|Any CPU.ActiveCfg = Debug|Any CPU
		{1131520A-4936-4BDD-AC25-71AFCA4C8E87}.Debug|Any CPU.Build.0 = Debug|Any CPU
		{1131520A-4936-4BDD-AC25-71AFCA4C8E87}.Release|Any CPU.ActiveCfg = Release|Any CPU
		{1131520A-4936-4BDD-AC25-71AFCA4C8E87}.Release|Any CPU.Build.0 = Release|Any CPU
		{A0885AC9-B977-4638-AF0A-6F5DF087856E}.Debug|Any CPU.ActiveCfg = Debug|Any CPU
		{A0885AC9-B977-4638-AF0A-6F5DF087856E}.Debug|Any CPU.Build.0 = Debug|Any CPU
		{A0885AC9-B977-4638-AF0A-6F5DF087856E}.Release|Any CPU.ActiveCfg = Release|Any CPU
		{A0885AC9-B977-4638-AF0A-6F5DF087856E}.Release|Any CPU.Build.0 = Release|Any CPU
		{B8609060-977F-4648-86A7-BCEB15EA2FC2}.Debug|Any CPU.ActiveCfg = Debug|Any CPU
		{B8609060-977F-4648-86A7-BCEB15EA2FC2}.Debug|Any CPU.Build.0 = Debug|Any CPU
		{B8609060-977F-4648-86A7-BCEB15EA2FC2}.Release|Any CPU.ActiveCfg = Release|Any CPU
		{B8609060-977F-4648-86A7-BCEB15EA2FC2}.Release|Any CPU.Build.0 = Release|Any CPU
	EndGlobalSection
	GlobalSection(SolutionProperties) = preSolution
		HideSolutionNode = FALSE
	EndGlobalSection
	GlobalSection(ExtensibilityGlobals) = postSolution
		SolutionGuid = {8E9165FD-0342-4E14-A629-74D2F20C321F}
	EndGlobalSection
EndGlobal
